
Microsoft Visual Studio Solution File, Format Version 12.00
# Visual Studio Version 17
VisualStudioVersion = 17.5.33516.290
MinimumVisualStudioVersion = 10.0.40219.1
Project("{9A19103F-16F7-4668-BE54-9A1E7A4F7556}") = "VirtualLibrary", "VirtualLibrary\VirtualLibrary.csproj", "{ECD37F31-3A5C-48CE-AA24-3806A42667E7}"
EndProject
Project("{9A19103F-16F7-4668-BE54-9A1E7A4F7556}") = "VirtualLibrary.Logic", "VirtualLibrary.Logic\VirtualLibrary.Logic.csproj", "{2F388D17-9EBA-47CC-8FF6-0BBCA0EBBD7E}"
EndProject
Project("{9A19103F-16F7-4668-BE54-9A1E7A4F7556}") = "VirtualLibrary.Models", "VirtualLibrary.Models\VirtualLibrary.Models.csproj", "{2972F8E7-A187-4A4B-A952-A55E679549D6}"
EndProject
Project("{9A19103F-16F7-4668-BE54-9A1E7A4F7556}") = "VirtualLibrary.Repository", "VirtualLibrary.Repository\VirtualLibrary.Repository.csproj", "{7020E8C8-B107-4851-B404-A4DD27285165}"
EndProject
Project("{9A19103F-16F7-4668-BE54-9A1E7A4F7556}") = "VirtualLibrary.Tests", "VirtualLibrary.Tests\VirtualLibrary.Tests.csproj", "{78EB74B7-0796-45AF-B133-C0D97654FF16}"
EndProject
Global
	GlobalSection(SolutionConfigurationPlatforms) = preSolution
		Debug|Any CPU = Debug|Any CPU
		Release|Any CPU = Release|Any CPU
	EndGlobalSection
	GlobalSection(ProjectConfigurationPlatforms) = postSolution
		{ECD37F31-3A5C-48CE-AA24-3806A42667E7}.Debug|Any CPU.ActiveCfg = Debug|Any CPU
		{ECD37F31-3A5C-48CE-AA24-3806A42667E7}.Debug|Any CPU.Build.0 = Debug|Any CPU
		{ECD37F31-3A5C-48CE-AA24-3806A42667E7}.Release|Any CPU.ActiveCfg = Release|Any CPU
		{ECD37F31-3A5C-48CE-AA24-3806A42667E7}.Release|Any CPU.Build.0 = Release|Any CPU
		{2F388D17-9EBA-47CC-8FF6-0BBCA0EBBD7E}.Debug|Any CPU.ActiveCfg = Debug|Any CPU
		{2F388D17-9EBA-47CC-8FF6-0BBCA0EBBD7E}.Debug|Any CPU.Build.0 = Debug|Any CPU
		{2F388D17-9EBA-47CC-8FF6-0BBCA0EBBD7E}.Release|Any CPU.ActiveCfg = Release|Any CPU
		{2F388D17-9EBA-47CC-8FF6-0BBCA0EBBD7E}.Release|Any CPU.Build.0 = Release|Any CPU
		{2972F8E7-A187-4A4B-A952-A55E679549D6}.Debug|Any CPU.ActiveCfg = Debug|Any CPU
		{2972F8E7-A187-4A4B-A952-A55E679549D6}.Debug|Any CPU.Build.0 = Debug|Any CPU
		{2972F8E7-A187-4A4B-A952-A55E679549D6}.Release|Any CPU.ActiveCfg = Release|Any CPU
		{2972F8E7-A187-4A4B-A952-A55E679549D6}.Release|Any CPU.Build.0 = Release|Any CPU
		{7020E8C8-B107-4851-B404-A4DD27285165}.Debug|Any CPU.ActiveCfg = Debug|Any CPU
		{7020E8C8-B107-4851-B404-A4DD27285165}.Debug|Any CPU.Build.0 = Debug|Any CPU
		{7020E8C8-B107-4851-B404-A4DD27285165}.Release|Any CPU.ActiveCfg = Release|Any CPU
		{7020E8C8-B107-4851-B404-A4DD27285165}.Release|Any CPU.Build.0 = Release|Any CPU
		{78EB74B7-0796-45AF-B133-C0D97654FF16}.Debug|Any CPU.ActiveCfg = Debug|Any CPU
		{78EB74B7-0796-45AF-B133-C0D97654FF16}.Debug|Any CPU.Build.0 = Debug|Any CPU
		{78EB74B7-0796-45AF-B133-C0D97654FF16}.Release|Any CPU.ActiveCfg = Release|Any CPU
		{78EB74B7-0796-45AF-B133-C0D97654FF16}.Release|Any CPU.Build.0 = Release|Any CPU
	EndGlobalSection
	GlobalSection(SolutionProperties) = preSolution
		HideSolutionNode = FALSE
	EndGlobalSection
	GlobalSection(ExtensibilityGlobals) = postSolution
		SolutionGuid = {4E398485-590A-48F3-A538-BD2BB69B1731}
	EndGlobalSection
EndGlobal
